
Microsoft Visual Studio Solution File, Format Version 12.00
# Visual Studio Version 17
VisualStudioVersion = 17.3.32901.215
MinimumVisualStudioVersion = 10.0.40219.1
Project("{FAE04EC0-301F-11D3-BF4B-00C04F79EFBC}") = "ComicBookGallery", "ComicBookGallery.csproj", "{EB61A2C3-3F9A-4E1C-A4B8-102D2BE12763}"
EndProject
Global
	GlobalSection(SolutionConfigurationPlatforms) = preSolution
		Debug|Any CPU = Debug|Any CPU
		Release|Any CPU = Release|Any CPU
	EndGlobalSection
	GlobalSection(ProjectConfigurationPlatforms) = postSolution
		{EB61A2C3-3F9A-4E1C-A4B8-102D2BE12763}.Debug|Any CPU.ActiveCfg = Debug|Any CPU
		{EB61A2C3-3F9A-4E1C-A4B8-102D2BE12763}.Debug|Any CPU.Build.0 = Debug|Any CPU
		{EB61A2C3-3F9A-4E1C-A4B8-102D2BE12763}.Release|Any CPU.ActiveCfg = Release|Any CPU
		{EB61A2C3-3F9A-4E1C-A4B8-102D2BE12763}.Release|Any CPU.Build.0 = Release|Any CPU
	EndGlobalSection
	GlobalSection(SolutionProperties) = preSolution
		HideSolutionNode = FALSE
	EndGlobalSection
	GlobalSection(ExtensibilityGlobals) = postSolution
		SolutionGuid = {ECB57989-3247-460E-9CDB-11A5720F05EF}
	EndGlobalSection
EndGlobal
